
Microsoft Visual Studio Solution File, Format Version 12.00
# Visual Studio Version 17
VisualStudioVersion = 17.3.32825.248
MinimumVisualStudioVersion = 10.0.40219.1
Project("{9A19103F-16F7-4668-BE54-9A1E7A4F7556}") = "WebApplication2", "WebApplication2.csproj", "{EB490431-98EF-47E3-BAFB-E032A31F2111}"
EndProject
Global
	GlobalSection(SolutionConfigurationPlatforms) = preSolution
		Debug|Any CPU = Debug|Any CPU
		Release|Any CPU = Release|Any CPU
	EndGlobalSection
	GlobalSection(ProjectConfigurationPlatforms) = postSolution
		{EB490431-98EF-47E3-BAFB-E032A31F2111}.Debug|Any CPU.ActiveCfg = Debug|Any CPU
		{EB490431-98EF-47E3-BAFB-E032A31F2111}.Debug|Any CPU.Build.0 = Debug|Any CPU
		{EB490431-98EF-47E3-BAFB-E032A31F2111}.Release|Any CPU.ActiveCfg = Release|Any CPU
		{EB490431-98EF-47E3-BAFB-E032A31F2111}.Release|Any CPU.Build.0 = Release|Any CPU
	EndGlobalSection
	GlobalSection(SolutionProperties) = preSolution
		HideSolutionNode = FALSE
	EndGlobalSection
	GlobalSection(ExtensibilityGlobals) = postSolution
		SolutionGuid = {663D8A31-427D-49E9-983D-90CA32156F7C}
	EndGlobalSection
EndGlobal
